
Microsoft Visual Studio Solution File, Format Version 12.00
# Visual Studio 14
VisualStudioVersion = 14.0.25420.1
MinimumVisualStudioVersion = 10.0.40219.1
Project("{2150E333-8FDC-42A3-9474-1A3956D46DE8}") = "src", "src", "{EE4384B3-0212-44BD-AFE2-977B847A2814}"
EndProject
Project("{2150E333-8FDC-42A3-9474-1A3956D46DE8}") = "Solution Items", "Solution Items", "{30F837C8-C32F-40B2-ABB3-1CBFD95FADBA}"
	ProjectSection(SolutionItems) = preProject
		global.json = global.json
	EndProjectSection
EndProject
Project("{8BB2217D-0F2D-49D1-97BC-3654ED321F3B}") = "TaskTracker", "src\TaskTracker\TaskTracker.xproj", "{FAFFA225-E4A0-4F97-9598-6FC2BAE6027F}"
EndProject
Project("{8BB2217D-0F2D-49D1-97BC-3654ED321F3B}") = "TaskTrackerFrontEnd", "src\TaskTrackerFrontEnd\TaskTrackerFrontEnd.xproj", "{F46F1012-46E3-4011-A973-991324EB9F23}"
EndProject
Global
	GlobalSection(SolutionConfigurationPlatforms) = preSolution
		Debug|Any CPU = Debug|Any CPU
		Release|Any CPU = Release|Any CPU
	EndGlobalSection
	GlobalSection(ProjectConfigurationPlatforms) = postSolution
		{FAFFA225-E4A0-4F97-9598-6FC2BAE6027F}.Debug|Any CPU.ActiveCfg = Debug|Any CPU
		{FAFFA225-E4A0-4F97-9598-6FC2BAE6027F}.Debug|Any CPU.Build.0 = Debug|Any CPU
		{FAFFA225-E4A0-4F97-9598-6FC2BAE6027F}.Release|Any CPU.ActiveCfg = Release|Any CPU
		{FAFFA225-E4A0-4F97-9598-6FC2BAE6027F}.Release|Any CPU.Build.0 = Release|Any CPU
		{F46F1012-46E3-4011-A973-991324EB9F23}.Debug|Any CPU.ActiveCfg = Debug|Any CPU
		{F46F1012-46E3-4011-A973-991324EB9F23}.Debug|Any CPU.Build.0 = Debug|Any CPU
		{F46F1012-46E3-4011-A973-991324EB9F23}.Release|Any CPU.ActiveCfg = Release|Any CPU
		{F46F1012-46E3-4011-A973-991324EB9F23}.Release|Any CPU.Build.0 = Release|Any CPU
	EndGlobalSection
	GlobalSection(SolutionProperties) = preSolution
		HideSolutionNode = FALSE
	EndGlobalSection
	GlobalSection(NestedProjects) = preSolution
		{FAFFA225-E4A0-4F97-9598-6FC2BAE6027F} = {EE4384B3-0212-44BD-AFE2-977B847A2814}
		{F46F1012-46E3-4011-A973-991324EB9F23} = {EE4384B3-0212-44BD-AFE2-977B847A2814}
	EndGlobalSection
EndGlobal
